// !$*UTF8*$!
{
	archiveVersion = 1;
	classes = {
	};
	objectVersion = 46;
	objects = {

/* Begin PBXBuildFile section */
		03D386D01CBDB79B008FF623 /* AppDelegate.swift in Sources */ = {isa = PBXBuildFile; fileRef = 03D386CF1CBDB79B008FF623 /* AppDelegate.swift */; };
		03D386D21CBDB79B008FF623 /* ViewController.swift in Sources */ = {isa = PBXBuildFile; fileRef = 03D386D11CBDB79B008FF623 /* ViewController.swift */; };
		03D386D51CBDB79B008FF623 /* Main.storyboard in Resources */ = {isa = PBXBuildFile; fileRef = 03D386D31CBDB79B008FF623 /* Main.storyboard */; };
		03D386D71CBDB79B008FF623 /* Assets.xcassets in Resources */ = {isa = PBXBuildFile; fileRef = 03D386D61CBDB79B008FF623 /* Assets.xcassets */; };
		03D386DA1CBDB79B008FF623 /* LaunchScreen.storyboard in Resources */ = {isa = PBXBuildFile; fileRef = 03D386D81CBDB79B008FF623 /* LaunchScreen.storyboard */; };
/* End PBXBuildFile section */

/* Begin PBXFileReference section */
		03D386CC1CBDB79A008FF623 /* Taptap.app */ = {isa = PBXFileReference; explicitFileType = wrapper.application; includeInIndex = 0; path = Taptap.app; sourceTree = BUILT_PRODUCTS_DIR; };
		03D386CF1CBDB79B008FF623 /* AppDelegate.swift */ = {isa = PBXFileReference; lastKnownFileType = sourcecode.swift; path = AppDelegate.swift; sourceTree = "<group>"; };
		03D386D11CBDB79B008FF623 /* ViewController.swift */ = {isa = PBXFileReference; lastKnownFileType = sourcecode.swift; path = ViewController.swift; sourceTree = "<group>"; };
		03D386D41CBDB79B008FF623 /* Base */ = {isa = PBXFileReference; lastKnownFileType = file.storyboard; name = Base; path = Base.lproj/Main.storyboard; sourceTree = "<group>"; };
		03D386D61CBDB79B008FF623 /* Assets.xcassets */ = {isa = PBXFileReference; lastKnownFileType = folder.assetcatalog; path = Assets.xcassets; sourceTree = "<group>"; };
		03D386D91CBDB79B008FF623 /* Base */ = {isa = PBXFileReference; lastKnownFileType = file.storyboard; name = Base; path = Base.lproj/LaunchScreen.storyboard; sourceTree = "<group>"; };
		03D386DB1CBDB79B008FF623 /* Info.plist */ = {isa = PBXFileReference; lastKnownFileType = text.plist.xml; path = Info.plist; sourceTree = "<group>"; };
/* End PBXFileReference section */

/* Begin PBXFrameworksBuildPhase section */
		03D386C91CBDB79A008FF623 /* Frameworks */ = {
			isa = PBXFrameworksBuildPhase;
			buildActionMask = 2147483647;
			files = (
			);
			runOnlyForDeploymentPostprocessing = 0;
		};
/* End PBXFrameworksBuildPhase section */

/* Begin PBXGroup section */
		03D386C31CBDB79A008FF623 = {
			isa = PBXGroup;
			children = (
				03D386CE1CBDB79B008FF623 /* Taptap */,
				03D386CD1CBDB79A008FF623 /* Products */,
			);
			sourceTree = "<group>";
		};
		03D386CD1CBDB79A008FF623 /* Products */ = {
			isa = PBXGroup;
			children = (
				03D386CC1CBDB79A008FF623 /* Taptap.app */,
			);
			name = Products;
			sourceTree = "<group>";
		};
		03D386CE1CBDB79B008FF623 /* Taptap */ = {
			isa = PBXGroup;
			children = (
				03D386CF1CBDB79B008FF623 /* AppDelegate.swift */,
				03D386D11CBDB79B008FF623 /* ViewController.swift */,
				03D386D31CBDB79B008FF623 /* Main.storyboard */,
				03D386D61CBDB79B008FF623 /* Assets.xcassets */,
				03D386D81CBDB79B008FF623 /* LaunchScreen.storyboard */,
				03D386DB1CBDB79B008FF623 /* Info.plist */,
			);
			path = Taptap;
			sourceTree = "<group>";
		};
/* End PBXGroup section */

/* Begin PBXNativeTarget section */
		03D386CB1CBDB79A008FF623 /* Taptap */ = {
			isa = PBXNativeTarget;
			buildConfigurationList = 03D386DE1CBDB79B008FF623 /* Build configuration list for PBXNativeTarget "Taptap" */;
			buildPhases = (
				03D386C81CBDB79A008FF623 /* Sources */,
				03D386C91CBDB79A008FF623 /* Frameworks */,
				03D386CA1CBDB79A008FF623 /* Resources */,
			);
			buildRules = (
			);
			dependencies = (
			);
			name = Taptap;
			productName = Taptap;
			productReference = 03D386CC1CBDB79A008FF623 /* Taptap.app */;
			productType = "com.apple.product-type.application";
		};
/* End PBXNativeTarget section */

/* Begin PBXProject section */
		03D386C41CBDB79A008FF623 /* Project object */ = {
			isa = PBXProject;
			attributes = {
				LastSwiftUpdateCheck = 0730;
				LastUpgradeCheck = 0730;
				ORGANIZATIONNAME = "D Conway";
				TargetAttributes = {
					03D386CB1CBDB79A008FF623 = {
						CreatedOnToolsVersion = 7.3;
						DevelopmentTeam = CT7B3BVG27;
					};
				};
			};
			buildConfigurationList = 03D386C71CBDB79A008FF623 /* Build configuration list for PBXProject "Taptap" */;
			compatibilityVersion = "Xcode 3.2";
			developmentRegion = English;
			hasScannedForEncodings = 0;
			knownRegions = (
				en,
				Base,
			);
			mainGroup = 03D386C31CBDB79A008FF623;
			productRefGroup = 03D386CD1CBDB79A008FF623 /* Products */;
			projectDirPath = "";
			projectRoot = "";
			targets = (
				03D386CB1CBDB79A008FF623 /* Taptap */,
			);
		};
/* End PBXProject section */

/* Begin PBXResourcesBuildPhase section */
		03D386CA1CBDB79A008FF623 /* Resources */ = {
			isa = PBXResourcesBuildPhase;
			buildActionMask = 2147483647;
			files = (
				03D386DA1CBDB79B008FF623 /* LaunchScreen.storyboard in Resources */,
				03D386D71CBDB79B008FF623 /* Assets.xcassets in Resources */,
				03D386D51CBDB79B008FF623 /* Main.storyboard in Resources */,
			);
			runOnlyForDeploymentPostprocessing = 0;
		};
/* End PBXResourcesBuildPhase section */

/* Begin PBXSourcesBuildPhase section */
		03D386C81CBDB79A008FF623 /* Sources */ = {
			isa = PBXSourcesBuildPhase;
			buildActionMask = 2147483647;
			files = (
				03D386D21CBDB79B008FF623 /* ViewController.swift in Sources */,
				03D386D01CBDB79B008FF623 /* AppDelegate.swift in Sources */,
			);
			runOnlyForDeploymentPostprocessing = 0;
		};
/* End PBXSourcesBuildPhase section */

/* Begin PBXVariantGroup section */
		03D386D31CBDB79B008FF623 /* Main.storyboard */ = {
			isa = PBXVariantGroup;
			children = (
				03D386D41CBDB79B008FF623 /* Base */,
			);
			name = Main.storyboard;
			sourceTree = "<group>";
		};
		03D386D81CBDB79B008FF623 /* LaunchScreen.storyboard */ = {
			isa = PBXVariantGroup;
			children = (
				03D386D91CBDB79B008FF623 /* Base */,
			);
			name = LaunchScreen.storyboard;
			sourceTree = "<group>";
		};
/* End PBXVariantGroup section */

/* Begin XCBuildConfiguration section */
		03D386DC1CBDB79B008FF623 /* Debug */ = {
			isa = XCBuildConfiguration;
			buildSettings = {
				ALWAYS_SEARCH_USER_PATHS = NO;
				CLANG_ANALYZER_NONNULL = YES;
				CLANG_CXX_LANGUAGE_STANDARD = "gnu++0x";
				CLANG_CXX_LIBRARY = "libc++";
				CLANG_ENABLE_MODULES = YES;
				CLANG_ENABLE_OBJC_ARC = YES;
				CLANG_WARN_BOOL_CONVERSION = YES;
				CLANG_WARN_CONSTANT_CONVERSION = YES;
				CLANG_WARN_DIRECT_OBJC_ISA_USAGE = YES_ERROR;
				CLANG_WARN_EMPTY_BODY = YES;
				CLANG_WARN_ENUM_CONVERSION = YES;
				CLANG_WARN_INT_CONVERSION = YES;
				CLANG_WARN_OBJC_ROOT_CLASS = YES_ERROR;
				CLANG_WARN_UNREACHABLE_CODE = YES;
				CLANG_WARN__DUPLICATE_METHOD_MATCH = YES;
				"CODE_SIGN_IDENTITY[sdk=iphoneos*]" = "iPhone Developer";
				COPY_PHASE_STRIP = NO;
				DEBUG_INFORMATION_FORMAT = dwarf;
				ENABLE_STRICT_OBJC_MSGSEND = YES;
				ENABLE_TESTABILITY = YES;
				GCC_C_LANGUAGE_STANDARD = gnu99;
				GCC_DYNAMIC_NO_PIC = NO;
				GCC_NO_COMMON_BLOCKS = YES;
				GCC_OPTIMIZATION_LEVEL = 0;
				GCC_PREPROCESSOR_DEFINITIONS = (
					"DEBUG=1",
					"$(inherited)",
				);
				GCC_WARN_64_TO_32_BIT_CONVERSION = YES;
				GCC_WARN_ABOUT_RETURN_TYPE = YES_ERROR;
				GCC_WARN_UNDECLARED_SELECTOR = YES;
				GCC_WARN_UNINITIALIZED_AUTOS = YES_AGGRESSIVE;
				GCC_WARN_UNUSED_FUNCTION = YES;
				GCC_WARN_UNUSED_VARIABLE = YES;
				IPHONEOS_DEPLOYMENT_TARGET = 9.3;
				MTL_ENABLE_DEBUG_INFO = YES;
				ONLY_ACTIVE_ARCH = YES;
				SDKROOT = iphoneos;
				SWIFT_OPTIMIZATION_LEVEL = "-Onone";
			};
			name = Debug;
		};
		03D386DD1CBDB79B008FF623 /* Release */ = {
			isa = XCBuildConfiguration;
			buildSettings = {
				ALWAYS_SEARCH_USER_PATHS = NO;
				CLANG_ANALYZER_NONNULL = YES;
				CLANG_CXX_LANGUAGE_STANDARD = "gnu++0x";
				CLANG_CXX_LIBRARY = "libc++";
				CLANG_ENABLE_MODULES = YES;
				CLANG_ENABLE_OBJC_ARC = YES;
				CLANG_WARN_BOOL_CONVERSION = YES;
				CLANG_WARN_CONSTANT_CONVERSION = YES;
				CLANG_WARN_DIRECT_OBJC_ISA_USAGE = YES_ERROR;
				CLANG_WARN_EMPTY_BODY = YES;
				CLANG_WARN_ENUM_CONVERSION = YES;
				CLANG_WARN_INT_CONVERSION = YES;
				CLANG_WARN_OBJC_ROOT_CLASS = YES_ERROR;
				CLANG_WARN_UNREACHABLE_CODE = YES;
				CLANG_WARN__DUPLICATE_METHOD_MATCH = YES;
				"CODE_SIGN_IDENTITY[sdk=iphoneos*]" = "iPhone Developer";
				COPY_PHASE_STRIP = NO;
				DEBUG_INFORMATION_FORMAT = "dwarf-with-dsym";
				ENABLE_NS_ASSERTIONS = NO;
				ENABLE_STRICT_OBJC_MSGSEND = YES;
				GCC_C_LANGUAGE_STANDARD = gnu99;
				GCC_NO_COMMON_BLOCKS = YES;
				GCC_WARN_64_TO_32_BIT_CONVERSION = YES;
				GCC_WARN_ABOUT_RETURN_TYPE = YES_ERROR;
				GCC_WARN_UNDECLARED_SELECTOR = YES;
				GCC_WARN_UNINITIALIZED_AUTOS = YES_AGGRESSIVE;
				GCC_WARN_UNUSED_FUNCTION = YES;
				GCC_WARN_UNUSED_VARIABLE = YES;
				IPHONEOS_DEPLOYMENT_TARGET = 9.3;
				MTL_ENABLE_DEBUG_INFO = NO;
				SDKROOT = iphoneos;
				VALIDATE_PRODUCT = YES;
			};
			name = Release;
		};
		03D386DF1CBDB79B008FF623 /* Debug */ = {
			isa = XCBuildConfiguration;
			buildSettings = {
				ASSETCATALOG_COMPILER_APPICON_NAME = AppIcon;
				INFOPLIST_FILE = Taptap/Info.plist;
				LD_RUNPATH_SEARCH_PATHS = "$(inherited) @executable_path/Frameworks";
				PRODUCT_BUNDLE_IDENTIFIER = com.Derek.Taptap;
				PRODUCT_NAME = "$(TARGET_NAME)";
			};
			name = Debug;
		};
		03D386E01CBDB79B008FF623 /* Release */ = {
			isa = XCBuildConfiguration;
			buildSettings = {
				ASSETCATALOG_COMPILER_APPICON_NAME = AppIcon;
				INFOPLIST_FILE = Taptap/Info.plist;
				LD_RUNPATH_SEARCH_PATHS = "$(inherited) @executable_path/Frameworks";
				PRODUCT_BUNDLE_IDENTIFIER = com.Derek.Taptap;
				PRODUCT_NAME = "$(TARGET_NAME)";
			};
			name = Release;
		};
/* End XCBuildConfiguration section */

/* Begin XCConfigurationList section */
		03D386C71CBDB79A008FF623 /* Build configuration list for PBXProject "Taptap" */ = {
			isa = XCConfigurationList;
			buildConfigurations = (
				03D386DC1CBDB79B008FF623 /* Debug */,
				03D386DD1CBDB79B008FF623 /* Release */,
			);
			defaultConfigurationIsVisible = 0;
			defaultConfigurationName = Release;
		};
		03D386DE1CBDB79B008FF623 /* Build configuration list for PBXNativeTarget "Taptap" */ = {
			isa = XCConfigurationList;
			buildConfigurations = (
				03D386DF1CBDB79B008FF623 /* Debug */,
				03D386E01CBDB79B008FF623 /* Release */,
			);
			defaultConfigurationIsVisible = 0;
		};
/* End XCConfigurationList section */
	};
	rootObject = 03D386C41CBDB79A008FF623 /* Project object */;
}
